// !$*UTF8*$!
{
	archiveVersion = 1;
	classes = {
	};
	objectVersion = 50;
	objects = {

/* Begin PBXBuildFile section */
		C9462D7924D2DE2C00D4A78B /* AppDelegate.swift in Sources */ = {isa = PBXBuildFile; fileRef = C9462D7824D2DE2C00D4A78B /* AppDelegate.swift */; };
		C9462D7B24D2DE2C00D4A78B /* SceneDelegate.swift in Sources */ = {isa = PBXBuildFile; fileRef = C9462D7A24D2DE2C00D4A78B /* SceneDelegate.swift */; };
		C9462D7D24D2DE2C00D4A78B /* ContentView.swift in Sources */ = {isa = PBXBuildFile; fileRef = C9462D7C24D2DE2C00D4A78B /* ContentView.swift */; };
		C9462D7F24D2DE3000D4A78B /* Assets.xcassets in Resources */ = {isa = PBXBuildFile; fileRef = C9462D7E24D2DE3000D4A78B /* Assets.xcassets */; };
		C9462D8224D2DE3000D4A78B /* Preview Assets.xcassets in Resources */ = {isa = PBXBuildFile; fileRef = C9462D8124D2DE3000D4A78B /* Preview Assets.xcassets */; };
		C9462D8524D2DE3000D4A78B /* LaunchScreen.storyboard in Resources */ = {isa = PBXBuildFile; fileRef = C9462D8324D2DE3000D4A78B /* LaunchScreen.storyboard */; };
		C9462D9024D2DE3000D4A78B /* DarkModeMenuTests.swift in Sources */ = {isa = PBXBuildFile; fileRef = C9462D8F24D2DE3000D4A78B /* DarkModeMenuTests.swift */; };
		C9462D9B24D2DE3000D4A78B /* DarkModeMenuUITests.swift in Sources */ = {isa = PBXBuildFile; fileRef = C9462D9A24D2DE3000D4A78B /* DarkModeMenuUITests.swift */; };
/* End PBXBuildFile section */

/* Begin PBXContainerItemProxy section */
		C9462D8C24D2DE3000D4A78B /* PBXContainerItemProxy */ = {
			isa = PBXContainerItemProxy;
			containerPortal = C9462D6D24D2DE2B00D4A78B /* Project object */;
			proxyType = 1;
			remoteGlobalIDString = C9462D7424D2DE2B00D4A78B;
			remoteInfo = DarkModeMenu;
		};
		C9462D9724D2DE3000D4A78B /* PBXContainerItemProxy */ = {
			isa = PBXContainerItemProxy;
			containerPortal = C9462D6D24D2DE2B00D4A78B /* Project object */;
			proxyType = 1;
			remoteGlobalIDString = C9462D7424D2DE2B00D4A78B;
			remoteInfo = DarkModeMenu;
		};
/* End PBXContainerItemProxy section */

/* Begin PBXFileReference section */
		C9462D7524D2DE2B00D4A78B /* DarkModeMenu.app */ = {isa = PBXFileReference; explicitFileType = wrapper.application; includeInIndex = 0; path = DarkModeMenu.app; sourceTree = BUILT_PRODUCTS_DIR; };
		C9462D7824D2DE2C00D4A78B /* AppDelegate.swift */ = {isa = PBXFileReference; lastKnownFileType = sourcecode.swift; path = AppDelegate.swift; sourceTree = "<group>"; };
		C9462D7A24D2DE2C00D4A78B /* SceneDelegate.swift */ = {isa = PBXFileReference; lastKnownFileType = sourcecode.swift; path = SceneDelegate.swift; sourceTree = "<group>"; };
		C9462D7C24D2DE2C00D4A78B /* ContentView.swift */ = {isa = PBXFileReference; lastKnownFileType = sourcecode.swift; path = ContentView.swift; sourceTree = "<group>"; };
		C9462D7E24D2DE3000D4A78B /* Assets.xcassets */ = {isa = PBXFileReference; lastKnownFileType = folder.assetcatalog; path = Assets.xcassets; sourceTree = "<group>"; };
		C9462D8124D2DE3000D4A78B /* Preview Assets.xcassets */ = {isa = PBXFileReference; lastKnownFileType = folder.assetcatalog; path = "Preview Assets.xcassets"; sourceTree = "<group>"; };
		C9462D8424D2DE3000D4A78B /* Base */ = {isa = PBXFileReference; lastKnownFileType = file.storyboard; name = Base; path = Base.lproj/LaunchScreen.storyboard; sourceTree = "<group>"; };
		C9462D8624D2DE3000D4A78B /* Info.plist */ = {isa = PBXFileReference; lastKnownFileType = text.plist.xml; path = Info.plist; sourceTree = "<group>"; };
		C9462D8B24D2DE3000D4A78B /* DarkModeMenuTests.xctest */ = {isa = PBXFileReference; explicitFileType = wrapper.cfbundle; includeInIndex = 0; path = DarkModeMenuTests.xctest; sourceTree = BUILT_PRODUCTS_DIR; };
		C9462D8F24D2DE3000D4A78B /* DarkModeMenuTests.swift */ = {isa = PBXFileReference; lastKnownFileType = sourcecode.swift; path = DarkModeMenuTests.swift; sourceTree = "<group>"; };
		C9462D9124D2DE3000D4A78B /* Info.plist */ = {isa = PBXFileReference; lastKnownFileType = text.plist.xml; path = Info.plist; sourceTree = "<group>"; };
		C9462D9624D2DE3000D4A78B /* DarkModeMenuUITests.xctest */ = {isa = PBXFileReference; explicitFileType = wrapper.cfbundle; includeInIndex = 0; path = DarkModeMenuUITests.xctest; sourceTree = BUILT_PRODUCTS_DIR; };
		C9462D9A24D2DE3000D4A78B /* DarkModeMenuUITests.swift */ = {isa = PBXFileReference; lastKnownFileType = sourcecode.swift; path = DarkModeMenuUITests.swift; sourceTree = "<group>"; };
		C9462D9C24D2DE3000D4A78B /* Info.plist */ = {isa = PBXFileReference; lastKnownFileType = text.plist.xml; path = Info.plist; sourceTree = "<group>"; };
/* End PBXFileReference section */

/* Begin PBXFrameworksBuildPhase section */
		C9462D7224D2DE2B00D4A78B /* Frameworks */ = {
			isa = PBXFrameworksBuildPhase;
			buildActionMask = 2147483647;
			files = (
			);
			runOnlyForDeploymentPostprocessing = 0;
		};
		C9462D8824D2DE3000D4A78B /* Frameworks */ = {
			isa = PBXFrameworksBuildPhase;
			buildActionMask = 2147483647;
			files = (
			);
			runOnlyForDeploymentPostprocessing = 0;
		};
		C9462D9324D2DE3000D4A78B /* Frameworks */ = {
			isa = PBXFrameworksBuildPhase;
			buildActionMask = 2147483647;
			files = (
			);
			runOnlyForDeploymentPostprocessing = 0;
		};
/* End PBXFrameworksBuildPhase section */

/* Begin PBXGroup section */
		C9462D6C24D2DE2B00D4A78B = {
			isa = PBXGroup;
			children = (
				C9462D7724D2DE2B00D4A78B /* DarkModeMenu */,
				C9462D8E24D2DE3000D4A78B /* DarkModeMenuTests */,
				C9462D9924D2DE3000D4A78B /* DarkModeMenuUITests */,
				C9462D7624D2DE2B00D4A78B /* Products */,
			);
			sourceTree = "<group>";
		};
		C9462D7624D2DE2B00D4A78B /* Products */ = {
			isa = PBXGroup;
			children = (
				C9462D7524D2DE2B00D4A78B /* DarkModeMenu.app */,
				C9462D8B24D2DE3000D4A78B /* DarkModeMenuTests.xctest */,
				C9462D9624D2DE3000D4A78B /* DarkModeMenuUITests.xctest */,
			);
			name = Products;
			sourceTree = "<group>";
		};
		C9462D7724D2DE2B00D4A78B /* DarkModeMenu */ = {
			isa = PBXGroup;
			children = (
				C9462D7824D2DE2C00D4A78B /* AppDelegate.swift */,
				C9462D7A24D2DE2C00D4A78B /* SceneDelegate.swift */,
				C9462D7C24D2DE2C00D4A78B /* ContentView.swift */,
				C9462D7E24D2DE3000D4A78B /* Assets.xcassets */,
				C9462D8324D2DE3000D4A78B /* LaunchScreen.storyboard */,
				C9462D8624D2DE3000D4A78B /* Info.plist */,
				C9462D8024D2DE3000D4A78B /* Preview Content */,
			);
			path = DarkModeMenu;
			sourceTree = "<group>";
		};
		C9462D8024D2DE3000D4A78B /* Preview Content */ = {
			isa = PBXGroup;
			children = (
				C9462D8124D2DE3000D4A78B /* Preview Assets.xcassets */,
			);
			path = "Preview Content";
			sourceTree = "<group>";
		};
		C9462D8E24D2DE3000D4A78B /* DarkModeMenuTests */ = {
			isa = PBXGroup;
			children = (
				C9462D8F24D2DE3000D4A78B /* DarkModeMenuTests.swift */,
				C9462D9124D2DE3000D4A78B /* Info.plist */,
			);
			path = DarkModeMenuTests;
			sourceTree = "<group>";
		};
		C9462D9924D2DE3000D4A78B /* DarkModeMenuUITests */ = {
			isa = PBXGroup;
			children = (
				C9462D9A24D2DE3000D4A78B /* DarkModeMenuUITests.swift */,
				C9462D9C24D2DE3000D4A78B /* Info.plist */,
			);
			path = DarkModeMenuUITests;
			sourceTree = "<group>";
		};
/* End PBXGroup section */

/* Begin PBXNativeTarget section */
		C9462D7424D2DE2B00D4A78B /* DarkModeMenu */ = {
			isa = PBXNativeTarget;
			buildConfigurationList = C9462D9F24D2DE3000D4A78B /* Build configuration list for PBXNativeTarget "DarkModeMenu" */;
			buildPhases = (
				C9462D7124D2DE2B00D4A78B /* Sources */,
				C9462D7224D2DE2B00D4A78B /* Frameworks */,
				C9462D7324D2DE2B00D4A78B /* Resources */,
			);
			buildRules = (
			);
			dependencies = (
			);
			name = DarkModeMenu;
			productName = DarkModeMenu;
			productReference = C9462D7524D2DE2B00D4A78B /* DarkModeMenu.app */;
			productType = "com.apple.product-type.application";
		};
		C9462D8A24D2DE3000D4A78B /* DarkModeMenuTests */ = {
			isa = PBXNativeTarget;
			buildConfigurationList = C9462DA224D2DE3000D4A78B /* Build configuration list for PBXNativeTarget "DarkModeMenuTests" */;
			buildPhases = (
				C9462D8724D2DE3000D4A78B /* Sources */,
				C9462D8824D2DE3000D4A78B /* Frameworks */,
				C9462D8924D2DE3000D4A78B /* Resources */,
			);
			buildRules = (
			);
			dependencies = (
				C9462D8D24D2DE3000D4A78B /* PBXTargetDependency */,
			);
			name = DarkModeMenuTests;
			productName = DarkModeMenuTests;
			productReference = C9462D8B24D2DE3000D4A78B /* DarkModeMenuTests.xctest */;
			productType = "com.apple.product-type.bundle.unit-test";
		};
		C9462D9524D2DE3000D4A78B /* DarkModeMenuUITests */ = {
			isa = PBXNativeTarget;
			buildConfigurationList = C9462DA524D2DE3000D4A78B /* Build configuration list for PBXNativeTarget "DarkModeMenuUITests" */;
			buildPhases = (
				C9462D9224D2DE3000D4A78B /* Sources */,
				C9462D9324D2DE3000D4A78B /* Frameworks */,
				C9462D9424D2DE3000D4A78B /* Resources */,
			);
			buildRules = (
			);
			dependencies = (
				C9462D9824D2DE3000D4A78B /* PBXTargetDependency */,
			);
			name = DarkModeMenuUITests;
			productName = DarkModeMenuUITests;
			productReference = C9462D9624D2DE3000D4A78B /* DarkModeMenuUITests.xctest */;
			productType = "com.apple.product-type.bundle.ui-testing";
		};
/* End PBXNativeTarget section */

/* Begin PBXProject section */
		C9462D6D24D2DE2B00D4A78B /* Project object */ = {
			isa = PBXProject;
			attributes = {
				LastSwiftUpdateCheck = 1160;
				LastUpgradeCheck = 1160;
				ORGANIZATIONNAME = sthakushal;
				TargetAttributes = {
					C9462D7424D2DE2B00D4A78B = {
						CreatedOnToolsVersion = 11.6;
					};
					C9462D8A24D2DE3000D4A78B = {
						CreatedOnToolsVersion = 11.6;
						TestTargetID = C9462D7424D2DE2B00D4A78B;
					};
					C9462D9524D2DE3000D4A78B = {
						CreatedOnToolsVersion = 11.6;
						TestTargetID = C9462D7424D2DE2B00D4A78B;
					};
				};
			};
			buildConfigurationList = C9462D7024D2DE2B00D4A78B /* Build configuration list for PBXProject "DarkModeMenu" */;
			compatibilityVersion = "Xcode 9.3";
			developmentRegion = en;
			hasScannedForEncodings = 0;
			knownRegions = (
				en,
				Base,
			);
			mainGroup = C9462D6C24D2DE2B00D4A78B;
			productRefGroup = C9462D7624D2DE2B00D4A78B /* Products */;
			projectDirPath = "";
			projectRoot = "";
			targets = (
				C9462D7424D2DE2B00D4A78B /* DarkModeMenu */,
				C9462D8A24D2DE3000D4A78B /* DarkModeMenuTests */,
				C9462D9524D2DE3000D4A78B /* DarkModeMenuUITests */,
			);
		};
/* End PBXProject section */

/* Begin PBXResourcesBuildPhase section */
		C9462D7324D2DE2B00D4A78B /* Resources */ = {
			isa = PBXResourcesBuildPhase;
			buildActionMask = 2147483647;
			files = (
				C9462D8524D2DE3000D4A78B /* LaunchScreen.storyboard in Resources */,
				C9462D8224D2DE3000D4A78B /* Preview Assets.xcassets in Resources */,
				C9462D7F24D2DE3000D4A78B /* Assets.xcassets in Resources */,
			);
			runOnlyForDeploymentPostprocessing = 0;
		};
		C9462D8924D2DE3000D4A78B /* Resources */ = {
			isa = PBXResourcesBuildPhase;
			buildActionMask = 2147483647;
			files = (
			);
			runOnlyForDeploymentPostprocessing = 0;
		};
		C9462D9424D2DE3000D4A78B /* Resources */ = {
			isa = PBXResourcesBuildPhase;
			buildActionMask = 2147483647;
			files = (
			);
			runOnlyForDeploymentPostprocessing = 0;
		};
/* End PBXResourcesBuildPhase section */

/* Begin PBXSourcesBuildPhase section */
		C9462D7124D2DE2B00D4A78B /* Sources */ = {
			isa = PBXSourcesBuildPhase;
			buildActionMask = 2147483647;
			files = (
				C9462D7924D2DE2C00D4A78B /* AppDelegate.swift in Sources */,
				C9462D7B24D2DE2C00D4A78B /* SceneDelegate.swift in Sources */,
				C9462D7D24D2DE2C00D4A78B /* ContentView.swift in Sources */,
			);
			runOnlyForDeploymentPostprocessing = 0;
		};
		C9462D8724D2DE3000D4A78B /* Sources */ = {
			isa = PBXSourcesBuildPhase;
			buildActionMask = 2147483647;
			files = (
				C9462D9024D2DE3000D4A78B /* DarkModeMenuTests.swift in Sources */,
			);
			runOnlyForDeploymentPostprocessing = 0;
		};
		C9462D9224D2DE3000D4A78B /* Sources */ = {
			isa = PBXSourcesBuildPhase;
			buildActionMask = 2147483647;
			files = (
				C9462D9B24D2DE3000D4A78B /* DarkModeMenuUITests.swift in Sources */,
			);
			runOnlyForDeploymentPostprocessing = 0;
		};
/* End PBXSourcesBuildPhase section */

/* Begin PBXTargetDependency section */
		C9462D8D24D2DE3000D4A78B /* PBXTargetDependency */ = {
			isa = PBXTargetDependency;
			target = C9462D7424D2DE2B00D4A78B /* DarkModeMenu */;
			targetProxy = C9462D8C24D2DE3000D4A78B /* PBXContainerItemProxy */;
		};
		C9462D9824D2DE3000D4A78B /* PBXTargetDependency */ = {
			isa = PBXTargetDependency;
			target = C9462D7424D2DE2B00D4A78B /* DarkModeMenu */;
			targetProxy = C9462D9724D2DE3000D4A78B /* PBXContainerItemProxy */;
		};
/* End PBXTargetDependency section */

/* Begin PBXVariantGroup section */
		C9462D8324D2DE3000D4A78B /* LaunchScreen.storyboard */ = {
			isa = PBXVariantGroup;
			children = (
				C9462D8424D2DE3000D4A78B /* Base */,
			);
			name = LaunchScreen.storyboard;
			sourceTree = "<group>";
		};
/* End PBXVariantGroup section */

/* Begin XCBuildConfiguration section */
		C9462D9D24D2DE3000D4A78B /* Debug */ = {
			isa = XCBuildConfiguration;
			buildSettings = {
				ALWAYS_SEARCH_USER_PATHS = NO;
				CLANG_ANALYZER_NONNULL = YES;
				CLANG_ANALYZER_NUMBER_OBJECT_CONVERSION = YES_AGGRESSIVE;
				CLANG_CXX_LANGUAGE_STANDARD = "gnu++14";
				CLANG_CXX_LIBRARY = "libc++";
				CLANG_ENABLE_MODULES = YES;
				CLANG_ENABLE_OBJC_ARC = YES;
				CLANG_ENABLE_OBJC_WEAK = YES;
				CLANG_WARN_BLOCK_CAPTURE_AUTORELEASING = YES;
				CLANG_WARN_BOOL_CONVERSION = YES;
				CLANG_WARN_COMMA = YES;
				CLANG_WARN_CONSTANT_CONVERSION = YES;
				CLANG_WARN_DEPRECATED_OBJC_IMPLEMENTATIONS = YES;
				CLANG_WARN_DIRECT_OBJC_ISA_USAGE = YES_ERROR;
				CLANG_WARN_DOCUMENTATION_COMMENTS = YES;
				CLANG_WARN_EMPTY_BODY = YES;
				CLANG_WARN_ENUM_CONVERSION = YES;
				CLANG_WARN_INFINITE_RECURSION = YES;
				CLANG_WARN_INT_CONVERSION = YES;
				CLANG_WARN_NON_LITERAL_NULL_CONVERSION = YES;
				CLANG_WARN_OBJC_IMPLICIT_RETAIN_SELF = YES;
				CLANG_WARN_OBJC_LITERAL_CONVERSION = YES;
				CLANG_WARN_OBJC_ROOT_CLASS = YES_ERROR;
				CLANG_WARN_RANGE_LOOP_ANALYSIS = YES;
				CLANG_WARN_STRICT_PROTOTYPES = YES;
				CLANG_WARN_SUSPICIOUS_MOVE = YES;
				CLANG_WARN_UNGUARDED_AVAILABILITY = YES_AGGRESSIVE;
				CLANG_WARN_UNREACHABLE_CODE = YES;
				CLANG_WARN__DUPLICATE_METHOD_MATCH = YES;
				COPY_PHASE_STRIP = NO;
				DEBUG_INFORMATION_FORMAT = dwarf;
				ENABLE_STRICT_OBJC_MSGSEND = YES;
				ENABLE_TESTABILITY = YES;
				GCC_C_LANGUAGE_STANDARD = gnu11;
				GCC_DYNAMIC_NO_PIC = NO;
				GCC_NO_COMMON_BLOCKS = YES;
				GCC_OPTIMIZATION_LEVEL = 0;
				GCC_PREPROCESSOR_DEFINITIONS = (
					"DEBUG=1",
					"$(inherited)",
				);
				GCC_WARN_64_TO_32_BIT_CONVERSION = YES;
				GCC_WARN_ABOUT_RETURN_TYPE = YES_ERROR;
				GCC_WARN_UNDECLARED_SELECTOR = YES;
				GCC_WARN_UNINITIALIZED_AUTOS = YES_AGGRESSIVE;
				GCC_WARN_UNUSED_FUNCTION = YES;
				GCC_WARN_UNUSED_VARIABLE = YES;
				IPHONEOS_DEPLOYMENT_TARGET = 13.6;
				MTL_ENABLE_DEBUG_INFO = INCLUDE_SOURCE;
				MTL_FAST_MATH = YES;
				ONLY_ACTIVE_ARCH = YES;
				SDKROOT = iphoneos;
				SWIFT_ACTIVE_COMPILATION_CONDITIONS = DEBUG;
				SWIFT_OPTIMIZATION_LEVEL = "-Onone";
			};
			name = Debug;
		};
		C9462D9E24D2DE3000D4A78B /* Release */ = {
			isa = XCBuildConfiguration;
			buildSettings = {
				ALWAYS_SEARCH_USER_PATHS = NO;
				CLANG_ANALYZER_NONNULL = YES;
				CLANG_ANALYZER_NUMBER_OBJECT_CONVERSION = YES_AGGRESSIVE;
				CLANG_CXX_LANGUAGE_STANDARD = "gnu++14";
				CLANG_CXX_LIBRARY = "libc++";
				CLANG_ENABLE_MODULES = YES;
				CLANG_ENABLE_OBJC_ARC = YES;
				CLANG_ENABLE_OBJC_WEAK = YES;
				CLANG_WARN_BLOCK_CAPTURE_AUTORELEASING = YES;
				CLANG_WARN_BOOL_CONVERSION = YES;
				CLANG_WARN_COMMA = YES;
				CLANG_WARN_CONSTANT_CONVERSION = YES;
				CLANG_WARN_DEPRECATED_OBJC_IMPLEMENTATIONS = YES;
				CLANG_WARN_DIRECT_OBJC_ISA_USAGE = YES_ERROR;
				CLANG_WARN_DOCUMENTATION_COMMENTS = YES;
				CLANG_WARN_EMPTY_BODY = YES;
				CLANG_WARN_ENUM_CONVERSION = YES;
				CLANG_WARN_INFINITE_RECURSION = YES;
				CLANG_WARN_INT_CONVERSION = YES;
				CLANG_WARN_NON_LITERAL_NULL_CONVERSION = YES;
				CLANG_WARN_OBJC_IMPLICIT_RETAIN_SELF = YES;
				CLANG_WARN_OBJC_LITERAL_CONVERSION = YES;
				CLANG_WARN_OBJC_ROOT_CLASS = YES_ERROR;
				CLANG_WARN_RANGE_LOOP_ANALYSIS = YES;
				CLANG_WARN_STRICT_PROTOTYPES = YES;
				CLANG_WARN_SUSPICIOUS_MOVE = YES;
				CLANG_WARN_UNGUARDED_AVAILABILITY = YES_AGGRESSIVE;
				CLANG_WARN_UNREACHABLE_CODE = YES;
				CLANG_WARN__DUPLICATE_METHOD_MATCH = YES;
				COPY_PHASE_STRIP = NO;
				DEBUG_INFORMATION_FORMAT = "dwarf-with-dsym";
				ENABLE_NS_ASSERTIONS = NO;
				ENABLE_STRICT_OBJC_MSGSEND = YES;
				GCC_C_LANGUAGE_STANDARD = gnu11;
				GCC_NO_COMMON_BLOCKS = YES;
				GCC_WARN_64_TO_32_BIT_CONVERSION = YES;
				GCC_WARN_ABOUT_RETURN_TYPE = YES_ERROR;
				GCC_WARN_UNDECLARED_SELECTOR = YES;
				GCC_WARN_UNINITIALIZED_AUTOS = YES_AGGRESSIVE;
				GCC_WARN_UNUSED_FUNCTION = YES;
				GCC_WARN_UNUSED_VARIABLE = YES;
				IPHONEOS_DEPLOYMENT_TARGET = 13.6;
				MTL_ENABLE_DEBUG_INFO = NO;
				MTL_FAST_MATH = YES;
				SDKROOT = iphoneos;
				SWIFT_COMPILATION_MODE = wholemodule;
				SWIFT_OPTIMIZATION_LEVEL = "-O";
				VALIDATE_PRODUCT = YES;
			};
			name = Release;
		};
		C9462DA024D2DE3000D4A78B /* Debug */ = {
			isa = XCBuildConfiguration;
			buildSettings = {
				ASSETCATALOG_COMPILER_APPICON_NAME = AppIcon;
				CODE_SIGN_STYLE = Automatic;
				DEVELOPMENT_ASSET_PATHS = "\"DarkModeMenu/Preview Content\"";
				ENABLE_PREVIEWS = YES;
				INFOPLIST_FILE = DarkModeMenu/Info.plist;
				LD_RUNPATH_SEARCH_PATHS = (
					"$(inherited)",
					"@executable_path/Frameworks",
				);
				PRODUCT_BUNDLE_IDENTIFIER = com.shresthakushal.DarkModeMenu;
				PRODUCT_NAME = "$(TARGET_NAME)";
				SWIFT_VERSION = 5.0;
				TARGETED_DEVICE_FAMILY = "1,2";
			};
			name = Debug;
		};
		C9462DA124D2DE3000D4A78B /* Release */ = {
			isa = XCBuildConfiguration;
			buildSettings = {
				ASSETCATALOG_COMPILER_APPICON_NAME = AppIcon;
				CODE_SIGN_STYLE = Automatic;
				DEVELOPMENT_ASSET_PATHS = "\"DarkModeMenu/Preview Content\"";
				ENABLE_PREVIEWS = YES;
				INFOPLIST_FILE = DarkModeMenu/Info.plist;
				LD_RUNPATH_SEARCH_PATHS = (
					"$(inherited)",
					"@executable_path/Frameworks",
				);
				PRODUCT_BUNDLE_IDENTIFIER = com.shresthakushal.DarkModeMenu;
				PRODUCT_NAME = "$(TARGET_NAME)";
				SWIFT_VERSION = 5.0;
				TARGETED_DEVICE_FAMILY = "1,2";
			};
			name = Release;
		};
		C9462DA324D2DE3000D4A78B /* Debug */ = {
			isa = XCBuildConfiguration;
			buildSettings = {
				ALWAYS_EMBED_SWIFT_STANDARD_LIBRARIES = YES;
				BUNDLE_LOADER = "$(TEST_HOST)";
				CODE_SIGN_STYLE = Automatic;
				INFOPLIST_FILE = DarkModeMenuTests/Info.plist;
				IPHONEOS_DEPLOYMENT_TARGET = 13.6;
				LD_RUNPATH_SEARCH_PATHS = (
					"$(inherited)",
					"@executable_path/Frameworks",
					"@loader_path/Frameworks",
				);
				PRODUCT_BUNDLE_IDENTIFIER = com.shresthakushal.DarkModeMenuTests;
				PRODUCT_NAME = "$(TARGET_NAME)";
				SWIFT_VERSION = 5.0;
				TARGETED_DEVICE_FAMILY = "1,2";
				TEST_HOST = "$(BUILT_PRODUCTS_DIR)/DarkModeMenu.app/DarkModeMenu";
			};
			name = Debug;
		};
		C9462DA424D2DE3000D4A78B /* Release */ = {
			isa = XCBuildConfiguration;
			buildSettings = {
				ALWAYS_EMBED_SWIFT_STANDARD_LIBRARIES = YES;
				BUNDLE_LOADER = "$(TEST_HOST)";
				CODE_SIGN_STYLE = Automatic;
				INFOPLIST_FILE = DarkModeMenuTests/Info.plist;
				IPHONEOS_DEPLOYMENT_TARGET = 13.6;
				LD_RUNPATH_SEARCH_PATHS = (
					"$(inherited)",
					"@executable_path/Frameworks",
					"@loader_path/Frameworks",
				);
				PRODUCT_BUNDLE_IDENTIFIER = com.shresthakushal.DarkModeMenuTests;
				PRODUCT_NAME = "$(TARGET_NAME)";
				SWIFT_VERSION = 5.0;
				TARGETED_DEVICE_FAMILY = "1,2";
				TEST_HOST = "$(BUILT_PRODUCTS_DIR)/DarkModeMenu.app/DarkModeMenu";
			};
			name = Release;
		};
		C9462DA624D2DE3000D4A78B /* Debug */ = {
			isa = XCBuildConfiguration;
			buildSettings = {
				ALWAYS_EMBED_SWIFT_STANDARD_LIBRARIES = YES;
				CODE_SIGN_STYLE = Automatic;
				INFOPLIST_FILE = DarkModeMenuUITests/Info.plist;
				LD_RUNPATH_SEARCH_PATHS = (
					"$(inherited)",
					"@executable_path/Frameworks",
					"@loader_path/Frameworks",
				);
				PRODUCT_BUNDLE_IDENTIFIER = com.shresthakushal.DarkModeMenuUITests;
				PRODUCT_NAME = "$(TARGET_NAME)";
				SWIFT_VERSION = 5.0;
				TARGETED_DEVICE_FAMILY = "1,2";
				TEST_TARGET_NAME = DarkModeMenu;
			};
			name = Debug;
		};
		C9462DA724D2DE3000D4A78B /* Release */ = {
			isa = XCBuildConfiguration;
			buildSettings = {
				ALWAYS_EMBED_SWIFT_STANDARD_LIBRARIES = YES;
				CODE_SIGN_STYLE = Automatic;
				INFOPLIST_FILE = DarkModeMenuUITests/Info.plist;
				LD_RUNPATH_SEARCH_PATHS = (
					"$(inherited)",
					"@executable_path/Frameworks",
					"@loader_path/Frameworks",
				);
				PRODUCT_BUNDLE_IDENTIFIER = com.shresthakushal.DarkModeMenuUITests;
				PRODUCT_NAME = "$(TARGET_NAME)";
				SWIFT_VERSION = 5.0;
				TARGETED_DEVICE_FAMILY = "1,2";
				TEST_TARGET_NAME = DarkModeMenu;
			};
			name = Release;
		};
/* End XCBuildConfiguration section */

/* Begin XCConfigurationList section */
		C9462D7024D2DE2B00D4A78B /* Build configuration list for PBXProject "DarkModeMenu" */ = {
			isa = XCConfigurationList;
			buildConfigurations = (
				C9462D9D24D2DE3000D4A78B /* Debug */,
				C9462D9E24D2DE3000D4A78B /* Release */,
			);
			defaultConfigurationIsVisible = 0;
			defaultConfigurationName = Release;
		};
		C9462D9F24D2DE3000D4A78B /* Build configuration list for PBXNativeTarget "DarkModeMenu" */ = {
			isa = XCConfigurationList;
			buildConfigurations = (
				C9462DA024D2DE3000D4A78B /* Debug */,
				C9462DA124D2DE3000D4A78B /* Release */,
			);
			defaultConfigurationIsVisible = 0;
			defaultConfigurationName = Release;
		};
		C9462DA224D2DE3000D4A78B /* Build configuration list for PBXNativeTarget "DarkModeMenuTests" */ = {
			isa = XCConfigurationList;
			buildConfigurations = (
				C9462DA324D2DE3000D4A78B /* Debug */,
				C9462DA424D2DE3000D4A78B /* Release */,
			);
			defaultConfigurationIsVisible = 0;
			defaultConfigurationName = Release;
		};
		C9462DA524D2DE3000D4A78B /* Build configuration list for PBXNativeTarget "DarkModeMenuUITests" */ = {
			isa = XCConfigurationList;
			buildConfigurations = (
				C9462DA624D2DE3000D4A78B /* Debug */,
				C9462DA724D2DE3000D4A78B /* Release */,
			);
			defaultConfigurationIsVisible = 0;
			defaultConfigurationName = Release;
		};
/* End XCConfigurationList section */
	};
	rootObject = C9462D6D24D2DE2B00D4A78B /* Project object */;
}
